// !$*UTF8*$!
{
	archiveVersion = 1;
	classes = {
	};
	objectVersion = 46;
	objects = {

/* Begin PBXBuildFile section */
		851B00B41A71B9970052CB50 /* AppDelegate.swift in Sources */ = {isa = PBXBuildFile; fileRef = 851B00B31A71B9970052CB50 /* AppDelegate.swift */; };
		851B00B61A71B9970052CB50 /* ViewController.swift in Sources */ = {isa = PBXBuildFile; fileRef = 851B00B51A71B9970052CB50 /* ViewController.swift */; };
		851B00B91A71B9970052CB50 /* Main.storyboard in Resources */ = {isa = PBXBuildFile; fileRef = 851B00B71A71B9970052CB50 /* Main.storyboard */; };
		851B00BB1A71B9970052CB50 /* Images.xcassets in Resources */ = {isa = PBXBuildFile; fileRef = 851B00BA1A71B9970052CB50 /* Images.xcassets */; };
		851B00BE1A71B9970052CB50 /* LaunchScreen.xib in Resources */ = {isa = PBXBuildFile; fileRef = 851B00BC1A71B9970052CB50 /* LaunchScreen.xib */; };
		851B00CA1A71B9970052CB50 /* JsonExampleTests.swift in Sources */ = {isa = PBXBuildFile; fileRef = 851B00C91A71B9970052CB50 /* JsonExampleTests.swift */; };
/* End PBXBuildFile section */

/* Begin PBXContainerItemProxy section */
		851B00C41A71B9970052CB50 /* PBXContainerItemProxy */ = {
			isa = PBXContainerItemProxy;
			containerPortal = 851B00A61A71B9950052CB50 /* Project object */;
			proxyType = 1;
			remoteGlobalIDString = 851B00AD1A71B9950052CB50;
			remoteInfo = JsonExample;
		};
/* End PBXContainerItemProxy section */

/* Begin PBXFileReference section */
		851B00AE1A71B9950052CB50 /* JsonExample.app */ = {isa = PBXFileReference; explicitFileType = wrapper.application; includeInIndex = 0; path = JsonExample.app; sourceTree = BUILT_PRODUCTS_DIR; };
		851B00B21A71B9950052CB50 /* Info.plist */ = {isa = PBXFileReference; lastKnownFileType = text.plist.xml; path = Info.plist; sourceTree = "<group>"; };
		851B00B31A71B9970052CB50 /* AppDelegate.swift */ = {isa = PBXFileReference; lastKnownFileType = sourcecode.swift; path = AppDelegate.swift; sourceTree = "<group>"; };
		851B00B51A71B9970052CB50 /* ViewController.swift */ = {isa = PBXFileReference; lastKnownFileType = sourcecode.swift; path = ViewController.swift; sourceTree = "<group>"; };
		851B00B81A71B9970052CB50 /* Base */ = {isa = PBXFileReference; lastKnownFileType = file.storyboard; name = Base; path = Base.lproj/Main.storyboard; sourceTree = "<group>"; };
		851B00BA1A71B9970052CB50 /* Images.xcassets */ = {isa = PBXFileReference; lastKnownFileType = folder.assetcatalog; path = Images.xcassets; sourceTree = "<group>"; };
		851B00BD1A71B9970052CB50 /* Base */ = {isa = PBXFileReference; lastKnownFileType = file.xib; name = Base; path = Base.lproj/LaunchScreen.xib; sourceTree = "<group>"; };
		851B00C31A71B9970052CB50 /* JsonExampleTests.xctest */ = {isa = PBXFileReference; explicitFileType = wrapper.cfbundle; includeInIndex = 0; path = JsonExampleTests.xctest; sourceTree = BUILT_PRODUCTS_DIR; };
		851B00C81A71B9970052CB50 /* Info.plist */ = {isa = PBXFileReference; lastKnownFileType = text.plist.xml; path = Info.plist; sourceTree = "<group>"; };
		851B00C91A71B9970052CB50 /* JsonExampleTests.swift */ = {isa = PBXFileReference; lastKnownFileType = sourcecode.swift; path = JsonExampleTests.swift; sourceTree = "<group>"; };
/* End PBXFileReference section */

/* Begin PBXFrameworksBuildPhase section */
		851B00AB1A71B9950052CB50 /* Frameworks */ = {
			isa = PBXFrameworksBuildPhase;
			buildActionMask = 2147483647;
			files = (
			);
			runOnlyForDeploymentPostprocessing = 0;
		};
		851B00C01A71B9970052CB50 /* Frameworks */ = {
			isa = PBXFrameworksBuildPhase;
			buildActionMask = 2147483647;
			files = (
			);
			runOnlyForDeploymentPostprocessing = 0;
		};
/* End PBXFrameworksBuildPhase section */

/* Begin PBXGroup section */
		851B00A51A71B9950052CB50 = {
			isa = PBXGroup;
			children = (
				851B00B01A71B9950052CB50 /* JsonExample */,
				851B00C61A71B9970052CB50 /* JsonExampleTests */,
				851B00AF1A71B9950052CB50 /* Products */,
			);
			sourceTree = "<group>";
		};
		851B00AF1A71B9950052CB50 /* Products */ = {
			isa = PBXGroup;
			children = (
				851B00AE1A71B9950052CB50 /* JsonExample.app */,
				851B00C31A71B9970052CB50 /* JsonExampleTests.xctest */,
			);
			name = Products;
			sourceTree = "<group>";
		};
		851B00B01A71B9950052CB50 /* JsonExample */ = {
			isa = PBXGroup;
			children = (
				851B00B31A71B9970052CB50 /* AppDelegate.swift */,
				851B00B51A71B9970052CB50 /* ViewController.swift */,
				851B00B71A71B9970052CB50 /* Main.storyboard */,
				851B00BA1A71B9970052CB50 /* Images.xcassets */,
				851B00BC1A71B9970052CB50 /* LaunchScreen.xib */,
				851B00B11A71B9950052CB50 /* Supporting Files */,
			);
			path = JsonExample;
			sourceTree = "<group>";
		};
		851B00B11A71B9950052CB50 /* Supporting Files */ = {
			isa = PBXGroup;
			children = (
				851B00B21A71B9950052CB50 /* Info.plist */,
			);
			name = "Supporting Files";
			sourceTree = "<group>";
		};
		851B00C61A71B9970052CB50 /* JsonExampleTests */ = {
			isa = PBXGroup;
			children = (
				851B00C91A71B9970052CB50 /* JsonExampleTests.swift */,
				851B00C71A71B9970052CB50 /* Supporting Files */,
			);
			path = JsonExampleTests;
			sourceTree = "<group>";
		};
		851B00C71A71B9970052CB50 /* Supporting Files */ = {
			isa = PBXGroup;
			children = (
				851B00C81A71B9970052CB50 /* Info.plist */,
			);
			name = "Supporting Files";
			sourceTree = "<group>";
		};
/* End PBXGroup section */

/* Begin PBXNativeTarget section */
		851B00AD1A71B9950052CB50 /* JsonExample */ = {
			isa = PBXNativeTarget;
			buildConfigurationList = 851B00CD1A71B9970052CB50 /* Build configuration list for PBXNativeTarget "JsonExample" */;
			buildPhases = (
				851B00AA1A71B9950052CB50 /* Sources */,
				851B00AB1A71B9950052CB50 /* Frameworks */,
				851B00AC1A71B9950052CB50 /* Resources */,
			);
			buildRules = (
			);
			dependencies = (
			);
			name = JsonExample;
			productName = JsonExample;
			productReference = 851B00AE1A71B9950052CB50 /* JsonExample.app */;
			productType = "com.apple.product-type.application";
		};
		851B00C21A71B9970052CB50 /* JsonExampleTests */ = {
			isa = PBXNativeTarget;
			buildConfigurationList = 851B00D01A71B9970052CB50 /* Build configuration list for PBXNativeTarget "JsonExampleTests" */;
			buildPhases = (
				851B00BF1A71B9970052CB50 /* Sources */,
				851B00C01A71B9970052CB50 /* Frameworks */,
				851B00C11A71B9970052CB50 /* Resources */,
			);
			buildRules = (
			);
			dependencies = (
				851B00C51A71B9970052CB50 /* PBXTargetDependency */,
			);
			name = JsonExampleTests;
			productName = JsonExampleTests;
			productReference = 851B00C31A71B9970052CB50 /* JsonExampleTests.xctest */;
			productType = "com.apple.product-type.bundle.unit-test";
		};
/* End PBXNativeTarget section */

/* Begin PBXProject section */
		851B00A61A71B9950052CB50 /* Project object */ = {
			isa = PBXProject;
			attributes = {
				LastUpgradeCheck = 0610;
				ORGANIZATIONNAME = mwsu;
				TargetAttributes = {
					851B00AD1A71B9950052CB50 = {
						CreatedOnToolsVersion = 6.1.1;
					};
					851B00C21A71B9970052CB50 = {
						CreatedOnToolsVersion = 6.1.1;
						TestTargetID = 851B00AD1A71B9950052CB50;
					};
				};
			};
			buildConfigurationList = 851B00A91A71B9950052CB50 /* Build configuration list for PBXProject "JsonExample" */;
			compatibilityVersion = "Xcode 3.2";
			developmentRegion = English;
			hasScannedForEncodings = 0;
			knownRegions = (
				en,
				Base,
			);
			mainGroup = 851B00A51A71B9950052CB50;
			productRefGroup = 851B00AF1A71B9950052CB50 /* Products */;
			projectDirPath = "";
			projectRoot = "";
			targets = (
				851B00AD1A71B9950052CB50 /* JsonExample */,
				851B00C21A71B9970052CB50 /* JsonExampleTests */,
			);
		};
/* End PBXProject section */

/* Begin PBXResourcesBuildPhase section */
		851B00AC1A71B9950052CB50 /* Resources */ = {
			isa = PBXResourcesBuildPhase;
			buildActionMask = 2147483647;
			files = (
				851B00B91A71B9970052CB50 /* Main.storyboard in Resources */,
				851B00BE1A71B9970052CB50 /* LaunchScreen.xib in Resources */,
				851B00BB1A71B9970052CB50 /* Images.xcassets in Resources */,
			);
			runOnlyForDeploymentPostprocessing = 0;
		};
		851B00C11A71B9970052CB50 /* Resources */ = {
			isa = PBXResourcesBuildPhase;
			buildActionMask = 2147483647;
			files = (
			);
			runOnlyForDeploymentPostprocessing = 0;
		};
/* End PBXResourcesBuildPhase section */

/* Begin PBXSourcesBuildPhase section */
		851B00AA1A71B9950052CB50 /* Sources */ = {
			isa = PBXSourcesBuildPhase;
			buildActionMask = 2147483647;
			files = (
				851B00B61A71B9970052CB50 /* ViewController.swift in Sources */,
				851B00B41A71B9970052CB50 /* AppDelegate.swift in Sources */,
			);
			runOnlyForDeploymentPostprocessing = 0;
		};
		851B00BF1A71B9970052CB50 /* Sources */ = {
			isa = PBXSourcesBuildPhase;
			buildActionMask = 2147483647;
			files = (
				851B00CA1A71B9970052CB50 /* JsonExampleTests.swift in Sources */,
			);
			runOnlyForDeploymentPostprocessing = 0;
		};
/* End PBXSourcesBuildPhase section */

/* Begin PBXTargetDependency section */
		851B00C51A71B9970052CB50 /* PBXTargetDependency */ = {
			isa = PBXTargetDependency;
			target = 851B00AD1A71B9950052CB50 /* JsonExample */;
			targetProxy = 851B00C41A71B9970052CB50 /* PBXContainerItemProxy */;
		};
/* End PBXTargetDependency section */

/* Begin PBXVariantGroup section */
		851B00B71A71B9970052CB50 /* Main.storyboard */ = {
			isa = PBXVariantGroup;
			children = (
				851B00B81A71B9970052CB50 /* Base */,
			);
			name = Main.storyboard;
			sourceTree = "<group>";
		};
		851B00BC1A71B9970052CB50 /* LaunchScreen.xib */ = {
			isa = PBXVariantGroup;
			children = (
				851B00BD1A71B9970052CB50 /* Base */,
			);
			name = LaunchScreen.xib;
			sourceTree = "<group>";
		};
/* End PBXVariantGroup section */

/* Begin XCBuildConfiguration section */
		851B00CB1A71B9970052CB50 /* Debug */ = {
			isa = XCBuildConfiguration;
			buildSettings = {
				ALWAYS_SEARCH_USER_PATHS = NO;
				CLANG_CXX_LANGUAGE_STANDARD = "gnu++0x";
				CLANG_CXX_LIBRARY = "libc++";
				CLANG_ENABLE_MODULES = YES;
				CLANG_ENABLE_OBJC_ARC = YES;
				CLANG_WARN_BOOL_CONVERSION = YES;
				CLANG_WARN_CONSTANT_CONVERSION = YES;
				CLANG_WARN_DIRECT_OBJC_ISA_USAGE = YES_ERROR;
				CLANG_WARN_EMPTY_BODY = YES;
				CLANG_WARN_ENUM_CONVERSION = YES;
				CLANG_WARN_INT_CONVERSION = YES;
				CLANG_WARN_OBJC_ROOT_CLASS = YES_ERROR;
				CLANG_WARN_UNREACHABLE_CODE = YES;
				CLANG_WARN__DUPLICATE_METHOD_MATCH = YES;
				"CODE_SIGN_IDENTITY[sdk=iphoneos*]" = "iPhone Developer";
				COPY_PHASE_STRIP = NO;
				ENABLE_STRICT_OBJC_MSGSEND = YES;
				GCC_C_LANGUAGE_STANDARD = gnu99;
				GCC_DYNAMIC_NO_PIC = NO;
				GCC_OPTIMIZATION_LEVEL = 0;
				GCC_PREPROCESSOR_DEFINITIONS = (
					"DEBUG=1",
					"$(inherited)",
				);
				GCC_SYMBOLS_PRIVATE_EXTERN = NO;
				GCC_WARN_64_TO_32_BIT_CONVERSION = YES;
				GCC_WARN_ABOUT_RETURN_TYPE = YES_ERROR;
				GCC_WARN_UNDECLARED_SELECTOR = YES;
				GCC_WARN_UNINITIALIZED_AUTOS = YES_AGGRESSIVE;
				GCC_WARN_UNUSED_FUNCTION = YES;
				GCC_WARN_UNUSED_VARIABLE = YES;
				IPHONEOS_DEPLOYMENT_TARGET = 8.1;
				MTL_ENABLE_DEBUG_INFO = YES;
				ONLY_ACTIVE_ARCH = YES;
				SDKROOT = iphoneos;
				SWIFT_OPTIMIZATION_LEVEL = "-Onone";
				TARGETED_DEVICE_FAMILY = "1,2";
			};
			name = Debug;
		};
		851B00CC1A71B9970052CB50 /* Release */ = {
			isa = XCBuildConfiguration;
			buildSettings = {
				ALWAYS_SEARCH_USER_PATHS = NO;
				CLANG_CXX_LANGUAGE_STANDARD = "gnu++0x";
				CLANG_CXX_LIBRARY = "libc++";
				CLANG_ENABLE_MODULES = YES;
				CLANG_ENABLE_OBJC_ARC = YES;
				CLANG_WARN_BOOL_CONVERSION = YES;
				CLANG_WARN_CONSTANT_CONVERSION = YES;
				CLANG_WARN_DIRECT_OBJC_ISA_USAGE = YES_ERROR;
				CLANG_WARN_EMPTY_BODY = YES;
				CLANG_WARN_ENUM_CONVERSION = YES;
				CLANG_WARN_INT_CONVERSION = YES;
				CLANG_WARN_OBJC_ROOT_CLASS = YES_ERROR;
				CLANG_WARN_UNREACHABLE_CODE = YES;
				CLANG_WARN__DUPLICATE_METHOD_MATCH = YES;
				"CODE_SIGN_IDENTITY[sdk=iphoneos*]" = "iPhone Developer";
				COPY_PHASE_STRIP = YES;
				ENABLE_NS_ASSERTIONS = NO;
				ENABLE_STRICT_OBJC_MSGSEND = YES;
				GCC_C_LANGUAGE_STANDARD = gnu99;
				GCC_WARN_64_TO_32_BIT_CONVERSION = YES;
				GCC_WARN_ABOUT_RETURN_TYPE = YES_ERROR;
				GCC_WARN_UNDECLARED_SELECTOR = YES;
				GCC_WARN_UNINITIALIZED_AUTOS = YES_AGGRESSIVE;
				GCC_WARN_UNUSED_FUNCTION = YES;
				GCC_WARN_UNUSED_VARIABLE = YES;
				IPHONEOS_DEPLOYMENT_TARGET = 8.1;
				MTL_ENABLE_DEBUG_INFO = NO;
				SDKROOT = iphoneos;
				TARGETED_DEVICE_FAMILY = "1,2";
				VALIDATE_PRODUCT = YES;
			};
			name = Release;
		};
		851B00CE1A71B9970052CB50 /* Debug */ = {
			isa = XCBuildConfiguration;
			buildSettings = {
				ASSETCATALOG_COMPILER_APPICON_NAME = AppIcon;
				INFOPLIST_FILE = JsonExample/Info.plist;
				LD_RUNPATH_SEARCH_PATHS = "$(inherited) @executable_path/Frameworks";
				PRODUCT_NAME = "$(TARGET_NAME)";
			};
			name = Debug;
		};
		851B00CF1A71B9970052CB50 /* Release */ = {
			isa = XCBuildConfiguration;
			buildSettings = {
				ASSETCATALOG_COMPILER_APPICON_NAME = AppIcon;
				INFOPLIST_FILE = JsonExample/Info.plist;
				LD_RUNPATH_SEARCH_PATHS = "$(inherited) @executable_path/Frameworks";
				PRODUCT_NAME = "$(TARGET_NAME)";
			};
			name = Release;
		};
		851B00D11A71B9970052CB50 /* Debug */ = {
			isa = XCBuildConfiguration;
			buildSettings = {
				BUNDLE_LOADER = "$(TEST_HOST)";
				FRAMEWORK_SEARCH_PATHS = (
					"$(SDKROOT)/Developer/Library/Frameworks",
					"$(inherited)",
				);
				GCC_PREPROCESSOR_DEFINITIONS = (
					"DEBUG=1",
					"$(inherited)",
				);
				INFOPLIST_FILE = JsonExampleTests/Info.plist;
				LD_RUNPATH_SEARCH_PATHS = "$(inherited) @executable_path/Frameworks @loader_path/Frameworks";
				PRODUCT_NAME = "$(TARGET_NAME)";
				TEST_HOST = "$(BUILT_PRODUCTS_DIR)/JsonExample.app/JsonExample";
			};
			name = Debug;
		};
		851B00D21A71B9970052CB50 /* Release */ = {
			isa = XCBuildConfiguration;
			buildSettings = {
				BUNDLE_LOADER = "$(TEST_HOST)";
				FRAMEWORK_SEARCH_PATHS = (
					"$(SDKROOT)/Developer/Library/Frameworks",
					"$(inherited)",
				);
				INFOPLIST_FILE = JsonExampleTests/Info.plist;
				LD_RUNPATH_SEARCH_PATHS = "$(inherited) @executable_path/Frameworks @loader_path/Frameworks";
				PRODUCT_NAME = "$(TARGET_NAME)";
				TEST_HOST = "$(BUILT_PRODUCTS_DIR)/JsonExample.app/JsonExample";
			};
			name = Release;
		};
/* End XCBuildConfiguration section */

/* Begin XCConfigurationList section */
		851B00A91A71B9950052CB50 /* Build configuration list for PBXProject "JsonExample" */ = {
			isa = XCConfigurationList;
			buildConfigurations = (
				851B00CB1A71B9970052CB50 /* Debug */,
				851B00CC1A71B9970052CB50 /* Release */,
			);
			defaultConfigurationIsVisible = 0;
			defaultConfigurationName = Release;
		};
		851B00CD1A71B9970052CB50 /* Build configuration list for PBXNativeTarget "JsonExample" */ = {
			isa = XCConfigurationList;
			buildConfigurations = (
				851B00CE1A71B9970052CB50 /* Debug */,
				851B00CF1A71B9970052CB50 /* Release */,
			);
			defaultConfigurationIsVisible = 0;
		};
		851B00D01A71B9970052CB50 /* Build configuration list for PBXNativeTarget "JsonExampleTests" */ = {
			isa = XCConfigurationList;
			buildConfigurations = (
				851B00D11A71B9970052CB50 /* Debug */,
				851B00D21A71B9970052CB50 /* Release */,
			);
			defaultConfigurationIsVisible = 0;
		};
/* End XCConfigurationList section */
	};
	rootObject = 851B00A61A71B9950052CB50 /* Project object */;
}
